
Microsoft Visual Studio Solution File, Format Version 12.00
# Visual Studio 2012
VisualStudioVersion = 12.0.31101.0
MinimumVisualStudioVersion = 10.0.40219.1
Project("{FAE04EC0-301F-11D3-BF4B-00C04F79EFBC}") = "Tutorial1", "Tutorial1\Tutorial1.csproj", "{659748A7-10D6-431B-A70D-AB5945DDED89}"
EndProject
Project("{FAE04EC0-301F-11D3-BF4B-00C04F79EFBC}") = "Tutorial2", "Tutorial2\Tutorial2.csproj", "{A222F822-5736-4AF0-B823-E318E4B8FDF3}"
EndProject
Project("{FAE04EC0-301F-11D3-BF4B-00C04F79EFBC}") = "Tutorial3", "Tutorial3\Tutorial3.csproj", "{7CCDEEE8-EA8D-4B9F-9AD8-3E90D71D7B43}"
EndProject
Project("{FAE04EC0-301F-11D3-BF4B-00C04F79EFBC}") = "Tutorial4", "Tutorial4\Tutorial4.csproj", "{B843EEEE-3B9E-4E1B-AE36-5D75420540AF}"
EndProject
Global
	GlobalSection(SolutionConfigurationPlatforms) = preSolution
		Debug|Any CPU = Debug|Any CPU
		Release|Any CPU = Release|Any CPU
	EndGlobalSection
	GlobalSection(ProjectConfigurationPlatforms) = postSolution
		{659748A7-10D6-431B-A70D-AB5945DDED89}.Debug|Any CPU.ActiveCfg = Debug|Any CPU
		{659748A7-10D6-431B-A70D-AB5945DDED89}.Debug|Any CPU.Build.0 = Debug|Any CPU
		{659748A7-10D6-431B-A70D-AB5945DDED89}.Release|Any CPU.ActiveCfg = Release|Any CPU
		{659748A7-10D6-431B-A70D-AB5945DDED89}.Release|Any CPU.Build.0 = Release|Any CPU
		{7CCDEEE8-EA8D-4B9F-9AD8-3E90D71D7B43}.Debug|Any CPU.ActiveCfg = Debug|Any CPU
		{7CCDEEE8-EA8D-4B9F-9AD8-3E90D71D7B43}.Debug|Any CPU.Build.0 = Debug|Any CPU
		{7CCDEEE8-EA8D-4B9F-9AD8-3E90D71D7B43}.Release|Any CPU.ActiveCfg = Release|Any CPU
		{7CCDEEE8-EA8D-4B9F-9AD8-3E90D71D7B43}.Release|Any CPU.Build.0 = Release|Any CPU
		{A222F822-5736-4AF0-B823-E318E4B8FDF3}.Debug|Any CPU.ActiveCfg = Debug|Any CPU
		{A222F822-5736-4AF0-B823-E318E4B8FDF3}.Debug|Any CPU.Build.0 = Debug|Any CPU
		{A222F822-5736-4AF0-B823-E318E4B8FDF3}.Release|Any CPU.ActiveCfg = Release|Any CPU
		{A222F822-5736-4AF0-B823-E318E4B8FDF3}.Release|Any CPU.Build.0 = Release|Any CPU
		{B843EEEE-3B9E-4E1B-AE36-5D75420540AF}.Debug|Any CPU.ActiveCfg = Debug|Any CPU
		{B843EEEE-3B9E-4E1B-AE36-5D75420540AF}.Debug|Any CPU.Build.0 = Debug|Any CPU
		{B843EEEE-3B9E-4E1B-AE36-5D75420540AF}.Release|Any CPU.ActiveCfg = Release|Any CPU
		{B843EEEE-3B9E-4E1B-AE36-5D75420540AF}.Release|Any CPU.Build.0 = Release|Any CPU
	EndGlobalSection
	GlobalSection(SolutionProperties) = preSolution
		HideSolutionNode = FALSE
	EndGlobalSection
EndGlobal
